
Microsoft Visual Studio Solution File, Format Version 12.00
# Visual Studio Version 17
VisualStudioVersion = 17.9.34728.123
MinimumVisualStudioVersion = 10.0.40219.1
Project("{FAE04EC0-301F-11D3-BF4B-00C04F79EFBC}") = "NetworkingTutorials", "NetworkingTutorials\NetworkingTutorials.csproj", "{9E2F1CA5-83A2-431F-AB5E-45B3DF464F81}"
EndProject
Global
	GlobalSection(SolutionConfigurationPlatforms) = preSolution
		Debug|Any CPU = Debug|Any CPU
		Release|Any CPU = Release|Any CPU
	EndGlobalSection
	GlobalSection(ProjectConfigurationPlatforms) = postSolution
		{9E2F1CA5-83A2-431F-AB5E-45B3DF464F81}.Debug|Any CPU.ActiveCfg = Debug|Any CPU
		{9E2F1CA5-83A2-431F-AB5E-45B3DF464F81}.Debug|Any CPU.Build.0 = Debug|Any CPU
		{9E2F1CA5-83A2-431F-AB5E-45B3DF464F81}.Release|Any CPU.ActiveCfg = Release|Any CPU
		{9E2F1CA5-83A2-431F-AB5E-45B3DF464F81}.Release|Any CPU.Build.0 = Release|Any CPU
	EndGlobalSection
	GlobalSection(SolutionProperties) = preSolution
		HideSolutionNode = FALSE
	EndGlobalSection
	GlobalSection(ExtensibilityGlobals) = postSolution
		SolutionGuid = {FB474038-992B-4C58-915C-4A7F0EAAF60D}
	EndGlobalSection
EndGlobal
